
Microsoft Visual Studio Solution File, Format Version 12.00
# Visual Studio 14
VisualStudioVersion = 14.0.24720.0
MinimumVisualStudioVersion = 10.0.40219.1
Project("{FAE04EC0-301F-11D3-BF4B-00C04F79EFBC}") = "Pebble Time Manager", "Pebble Time Manager\Pebble Time Manager.csproj", "{14D5887D-B868-4A21-856E-40778354CB93}"
EndProject
Project("{FAE04EC0-301F-11D3-BF4B-00C04F79EFBC}") = "Pebble Time Library", "Pebble Time Library\Pebble Time Library.csproj", "{BF2DF8F4-3167-49BA-8E69-C9515764FE44}"
EndProject
Project("{FAE04EC0-301F-11D3-BF4B-00C04F79EFBC}") = "BackgroundTasks", "Background Tasks\BackgroundTasks.csproj", "{C139F5FD-AC82-4E2A-94D3-3BD56B6B33FA}"
EndProject
Project("{FAE04EC0-301F-11D3-BF4B-00C04F79EFBC}") = "Pebble Time Tennis Library", "Pebble Time Tennis Library\Pebble Time Tennis Library.csproj", "{97C2684E-9904-445A-9995-649BED3E0356}"
EndProject
Project("{FAE04EC0-301F-11D3-BF4B-00C04F79EFBC}") = "Jint", "Jint\Jint.csproj", "{678738DA-F723-4920-B9E5-CAD667104BDA}"
EndProject
Global
	GlobalSection(SolutionConfigurationPlatforms) = preSolution
		Debug|Any CPU = Debug|Any CPU
		Debug|ARM = Debug|ARM
		Debug|x64 = Debug|x64
		Debug|x86 = Debug|x86
		Release|Any CPU = Release|Any CPU
		Release|ARM = Release|ARM
		Release|x64 = Release|x64
		Release|x86 = Release|x86
	EndGlobalSection
	GlobalSection(ProjectConfigurationPlatforms) = postSolution
		{14D5887D-B868-4A21-856E-40778354CB93}.Debug|Any CPU.ActiveCfg = Debug|ARM
		{14D5887D-B868-4A21-856E-40778354CB93}.Debug|Any CPU.Build.0 = Debug|ARM
		{14D5887D-B868-4A21-856E-40778354CB93}.Debug|Any CPU.Deploy.0 = Debug|ARM
		{14D5887D-B868-4A21-856E-40778354CB93}.Debug|ARM.ActiveCfg = Debug|ARM
		{14D5887D-B868-4A21-856E-40778354CB93}.Debug|ARM.Build.0 = Debug|ARM
		{14D5887D-B868-4A21-856E-40778354CB93}.Debug|ARM.Deploy.0 = Debug|ARM
		{14D5887D-B868-4A21-856E-40778354CB93}.Debug|x64.ActiveCfg = Debug|x64
		{14D5887D-B868-4A21-856E-40778354CB93}.Debug|x64.Build.0 = Debug|x64
		{14D5887D-B868-4A21-856E-40778354CB93}.Debug|x64.Deploy.0 = Debug|x64
		{14D5887D-B868-4A21-856E-40778354CB93}.Debug|x86.ActiveCfg = Debug|x86
		{14D5887D-B868-4A21-856E-40778354CB93}.Debug|x86.Build.0 = Debug|x86
		{14D5887D-B868-4A21-856E-40778354CB93}.Debug|x86.Deploy.0 = Debug|x86
		{14D5887D-B868-4A21-856E-40778354CB93}.Release|Any CPU.ActiveCfg = Release|x86
		{14D5887D-B868-4A21-856E-40778354CB93}.Release|ARM.ActiveCfg = Release|ARM
		{14D5887D-B868-4A21-856E-40778354CB93}.Release|ARM.Build.0 = Release|ARM
		{14D5887D-B868-4A21-856E-40778354CB93}.Release|ARM.Deploy.0 = Release|ARM
		{14D5887D-B868-4A21-856E-40778354CB93}.Release|x64.ActiveCfg = Release|x64
		{14D5887D-B868-4A21-856E-40778354CB93}.Release|x64.Build.0 = Release|x64
		{14D5887D-B868-4A21-856E-40778354CB93}.Release|x64.Deploy.0 = Release|x64
		{14D5887D-B868-4A21-856E-40778354CB93}.Release|x86.ActiveCfg = Release|x86
		{14D5887D-B868-4A21-856E-40778354CB93}.Release|x86.Build.0 = Release|x86
		{14D5887D-B868-4A21-856E-40778354CB93}.Release|x86.Deploy.0 = Release|x86
		{BF2DF8F4-3167-49BA-8E69-C9515764FE44}.Debug|Any CPU.ActiveCfg = Debug|Any CPU
		{BF2DF8F4-3167-49BA-8E69-C9515764FE44}.Debug|Any CPU.Build.0 = Debug|Any CPU
		{BF2DF8F4-3167-49BA-8E69-C9515764FE44}.Debug|ARM.ActiveCfg = Debug|ARM
		{BF2DF8F4-3167-49BA-8E69-C9515764FE44}.Debug|ARM.Build.0 = Debug|ARM
		{BF2DF8F4-3167-49BA-8E69-C9515764FE44}.Debug|x64.ActiveCfg = Debug|x64
		{BF2DF8F4-3167-49BA-8E69-C9515764FE44}.Debug|x64.Build.0 = Debug|x64
		{BF2DF8F4-3167-49BA-8E69-C9515764FE44}.Debug|x86.ActiveCfg = Debug|x86
		{BF2DF8F4-3167-49BA-8E69-C9515764FE44}.Debug|x86.Build.0 = Debug|x86
		{BF2DF8F4-3167-49BA-8E69-C9515764FE44}.Release|Any CPU.ActiveCfg = Release|Any CPU
		{BF2DF8F4-3167-49BA-8E69-C9515764FE44}.Release|Any CPU.Build.0 = Release|Any CPU
		{BF2DF8F4-3167-49BA-8E69-C9515764FE44}.Release|ARM.ActiveCfg = Release|ARM
		{BF2DF8F4-3167-49BA-8E69-C9515764FE44}.Release|ARM.Build.0 = Release|ARM
		{BF2DF8F4-3167-49BA-8E69-C9515764FE44}.Release|x64.ActiveCfg = Release|x64
		{BF2DF8F4-3167-49BA-8E69-C9515764FE44}.Release|x64.Build.0 = Release|x64
		{BF2DF8F4-3167-49BA-8E69-C9515764FE44}.Release|x86.ActiveCfg = Release|x86
		{BF2DF8F4-3167-49BA-8E69-C9515764FE44}.Release|x86.Build.0 = Release|x86
		{C139F5FD-AC82-4E2A-94D3-3BD56B6B33FA}.Debug|Any CPU.ActiveCfg = Debug|Any CPU
		{C139F5FD-AC82-4E2A-94D3-3BD56B6B33FA}.Debug|Any CPU.Build.0 = Debug|Any CPU
		{C139F5FD-AC82-4E2A-94D3-3BD56B6B33FA}.Debug|ARM.ActiveCfg = Debug|ARM
		{C139F5FD-AC82-4E2A-94D3-3BD56B6B33FA}.Debug|ARM.Build.0 = Debug|ARM
		{C139F5FD-AC82-4E2A-94D3-3BD56B6B33FA}.Debug|x64.ActiveCfg = Debug|x64
		{C139F5FD-AC82-4E2A-94D3-3BD56B6B33FA}.Debug|x64.Build.0 = Debug|x64
		{C139F5FD-AC82-4E2A-94D3-3BD56B6B33FA}.Debug|x86.ActiveCfg = Debug|x86
		{C139F5FD-AC82-4E2A-94D3-3BD56B6B33FA}.Debug|x86.Build.0 = Debug|x86
		{C139F5FD-AC82-4E2A-94D3-3BD56B6B33FA}.Release|Any CPU.ActiveCfg = Release|Any CPU
		{C139F5FD-AC82-4E2A-94D3-3BD56B6B33FA}.Release|Any CPU.Build.0 = Release|Any CPU
		{C139F5FD-AC82-4E2A-94D3-3BD56B6B33FA}.Release|ARM.ActiveCfg = Release|ARM
		{C139F5FD-AC82-4E2A-94D3-3BD56B6B33FA}.Release|ARM.Build.0 = Release|ARM
		{C139F5FD-AC82-4E2A-94D3-3BD56B6B33FA}.Release|x64.ActiveCfg = Release|x64
		{C139F5FD-AC82-4E2A-94D3-3BD56B6B33FA}.Release|x64.Build.0 = Release|x64
		{C139F5FD-AC82-4E2A-94D3-3BD56B6B33FA}.Release|x86.ActiveCfg = Release|x86
		{C139F5FD-AC82-4E2A-94D3-3BD56B6B33FA}.Release|x86.Build.0 = Release|x86
		{97C2684E-9904-445A-9995-649BED3E0356}.Debug|Any CPU.ActiveCfg = Debug|Any CPU
		{97C2684E-9904-445A-9995-649BED3E0356}.Debug|Any CPU.Build.0 = Debug|Any CPU
		{97C2684E-9904-445A-9995-649BED3E0356}.Debug|ARM.ActiveCfg = Debug|ARM
		{97C2684E-9904-445A-9995-649BED3E0356}.Debug|ARM.Build.0 = Debug|ARM
		{97C2684E-9904-445A-9995-649BED3E0356}.Debug|x64.ActiveCfg = Debug|x64
		{97C2684E-9904-445A-9995-649BED3E0356}.Debug|x64.Build.0 = Debug|x64
		{97C2684E-9904-445A-9995-649BED3E0356}.Debug|x86.ActiveCfg = Debug|x86
		{97C2684E-9904-445A-9995-649BED3E0356}.Debug|x86.Build.0 = Debug|x86
		{97C2684E-9904-445A-9995-649BED3E0356}.Release|Any CPU.ActiveCfg = Release|Any CPU
		{97C2684E-9904-445A-9995-649BED3E0356}.Release|Any CPU.Build.0 = Release|Any CPU
		{97C2684E-9904-445A-9995-649BED3E0356}.Release|ARM.ActiveCfg = Release|ARM
		{97C2684E-9904-445A-9995-649BED3E0356}.Release|ARM.Build.0 = Release|ARM
		{97C2684E-9904-445A-9995-649BED3E0356}.Release|x64.ActiveCfg = Release|x64
		{97C2684E-9904-445A-9995-649BED3E0356}.Release|x64.Build.0 = Release|x64
		{97C2684E-9904-445A-9995-649BED3E0356}.Release|x86.ActiveCfg = Release|x86
		{97C2684E-9904-445A-9995-649BED3E0356}.Release|x86.Build.0 = Release|x86
		{678738DA-F723-4920-B9E5-CAD667104BDA}.Debug|Any CPU.ActiveCfg = Debug|Any CPU
		{678738DA-F723-4920-B9E5-CAD667104BDA}.Debug|Any CPU.Build.0 = Debug|Any CPU
		{678738DA-F723-4920-B9E5-CAD667104BDA}.Debug|ARM.ActiveCfg = Debug|Any CPU
		{678738DA-F723-4920-B9E5-CAD667104BDA}.Debug|ARM.Build.0 = Debug|Any CPU
		{678738DA-F723-4920-B9E5-CAD667104BDA}.Debug|x64.ActiveCfg = Debug|Any CPU
		{678738DA-F723-4920-B9E5-CAD667104BDA}.Debug|x64.Build.0 = Debug|Any CPU
		{678738DA-F723-4920-B9E5-CAD667104BDA}.Debug|x86.ActiveCfg = Debug|Any CPU
		{678738DA-F723-4920-B9E5-CAD667104BDA}.Debug|x86.Build.0 = Debug|Any CPU
		{678738DA-F723-4920-B9E5-CAD667104BDA}.Release|Any CPU.ActiveCfg = Release|Any CPU
		{678738DA-F723-4920-B9E5-CAD667104BDA}.Release|Any CPU.Build.0 = Release|Any CPU
		{678738DA-F723-4920-B9E5-CAD667104BDA}.Release|ARM.ActiveCfg = Release|Any CPU
		{678738DA-F723-4920-B9E5-CAD667104BDA}.Release|ARM.Build.0 = Release|Any CPU
		{678738DA-F723-4920-B9E5-CAD667104BDA}.Release|x64.ActiveCfg = Release|Any CPU
		{678738DA-F723-4920-B9E5-CAD667104BDA}.Release|x64.Build.0 = Release|Any CPU
		{678738DA-F723-4920-B9E5-CAD667104BDA}.Release|x86.ActiveCfg = Release|Any CPU
		{678738DA-F723-4920-B9E5-CAD667104BDA}.Release|x86.Build.0 = Release|Any CPU
	EndGlobalSection
	GlobalSection(SolutionProperties) = preSolution
		HideSolutionNode = FALSE
	EndGlobalSection
EndGlobal
